
Microsoft Visual Studio Solution File, Format Version 12.00
Project("{2150E333-8FDC-42A3-9474-1A3956D46DE8}") = "_Solution Items", "_Solution Items", "{3ADE4FF3-776A-4D09-8329-7A1F8938021E}"
ProjectSection(SolutionItems) = preProject
	Directory.Build.props = Directory.Build.props
	README.md = README.md
EndProjectSection
EndProject
Project("{2150E333-8FDC-42A3-9474-1A3956D46DE8}") = "_Samples", "_Samples", "{B041C6A7-7BF2-4D88-B56B-7A18743226C5}"
EndProject
Project("{FAE04EC0-301F-11D3-BF4B-00C04F79EFBC}") = "TPost.Host.Sample", "_Samples\TPost.WebHost.Sample\TPost.Host.Sample.csproj", "{049879D9-1751-403F-A907-23870DA5E492}"
EndProject
Project("{2150E333-8FDC-42A3-9474-1A3956D46DE8}") = "Publishers", "Publishers", "{139EF17F-B018-41DA-902C-D7F70C03C58D}"
EndProject
Project("{FAE04EC0-301F-11D3-BF4B-00C04F79EFBC}") = "TPost.Hosting", "src\TPost.Hosting\TPost.Hosting.csproj", "{14F0CA81-BAEB-46A8-9646-69FBE4FB22E3}"
EndProject
Project("{FAE04EC0-301F-11D3-BF4B-00C04F79EFBC}") = "TPost.Core", "src\TPost.Core\TPost.Core.csproj", "{F04237EB-BBAB-4961-9BAF-37FDEA65438A}"
EndProject
Project("{FAE04EC0-301F-11D3-BF4B-00C04F79EFBC}") = "TPost.Publishers.Telegram", "src\TPost.Publishers.Telegram\TPost.Publishers.Telegram.csproj", "{0D72B6E9-58DC-49EE-9505-AF9D3FE54FE7}"
EndProject
Project("{2150E333-8FDC-42A3-9474-1A3956D46DE8}") = "Github Actions", "Github Actions", "{EC04AAF3-A336-4518-906A-66920C951AEA}"
ProjectSection(SolutionItems) = preProject
	.github\workflows\dotnet-core.yml = .github\workflows\dotnet-core.yml
	.github\workflows\publish.yml = .github\workflows\publish.yml
EndProjectSection
EndProject
Global
	GlobalSection(SolutionConfigurationPlatforms) = preSolution
		Debug|Any CPU = Debug|Any CPU
		Release|Any CPU = Release|Any CPU
	EndGlobalSection
	GlobalSection(ProjectConfigurationPlatforms) = postSolution
		{049879D9-1751-403F-A907-23870DA5E492}.Debug|Any CPU.ActiveCfg = Debug|Any CPU
		{049879D9-1751-403F-A907-23870DA5E492}.Debug|Any CPU.Build.0 = Debug|Any CPU
		{049879D9-1751-403F-A907-23870DA5E492}.Release|Any CPU.ActiveCfg = Release|Any CPU
		{049879D9-1751-403F-A907-23870DA5E492}.Release|Any CPU.Build.0 = Release|Any CPU
		{14F0CA81-BAEB-46A8-9646-69FBE4FB22E3}.Debug|Any CPU.ActiveCfg = Debug|Any CPU
		{14F0CA81-BAEB-46A8-9646-69FBE4FB22E3}.Debug|Any CPU.Build.0 = Debug|Any CPU
		{14F0CA81-BAEB-46A8-9646-69FBE4FB22E3}.Release|Any CPU.ActiveCfg = Release|Any CPU
		{14F0CA81-BAEB-46A8-9646-69FBE4FB22E3}.Release|Any CPU.Build.0 = Release|Any CPU
		{F04237EB-BBAB-4961-9BAF-37FDEA65438A}.Debug|Any CPU.ActiveCfg = Debug|Any CPU
		{F04237EB-BBAB-4961-9BAF-37FDEA65438A}.Debug|Any CPU.Build.0 = Debug|Any CPU
		{F04237EB-BBAB-4961-9BAF-37FDEA65438A}.Release|Any CPU.ActiveCfg = Release|Any CPU
		{F04237EB-BBAB-4961-9BAF-37FDEA65438A}.Release|Any CPU.Build.0 = Release|Any CPU
		{0D72B6E9-58DC-49EE-9505-AF9D3FE54FE7}.Debug|Any CPU.ActiveCfg = Debug|Any CPU
		{0D72B6E9-58DC-49EE-9505-AF9D3FE54FE7}.Debug|Any CPU.Build.0 = Debug|Any CPU
		{0D72B6E9-58DC-49EE-9505-AF9D3FE54FE7}.Release|Any CPU.ActiveCfg = Release|Any CPU
		{0D72B6E9-58DC-49EE-9505-AF9D3FE54FE7}.Release|Any CPU.Build.0 = Release|Any CPU
	EndGlobalSection
	GlobalSection(NestedProjects) = preSolution
		{049879D9-1751-403F-A907-23870DA5E492} = {B041C6A7-7BF2-4D88-B56B-7A18743226C5}
		{0D72B6E9-58DC-49EE-9505-AF9D3FE54FE7} = {139EF17F-B018-41DA-902C-D7F70C03C58D}
		{EC04AAF3-A336-4518-906A-66920C951AEA} = {3ADE4FF3-776A-4D09-8329-7A1F8938021E}
	EndGlobalSection
EndGlobal
